
Microsoft Visual Studio Solution File, Format Version 12.00
# Visual Studio 15
VisualStudioVersion = 15.0.27130.2036
MinimumVisualStudioVersion = 10.0.40219.1
Project("{9A19103F-16F7-4668-BE54-9A1E7A4F7556}") = "Dhgms.AspNetCoreContrib.Abstractions", "Dhgms.AspNetCoreContrib.Abstractions\Dhgms.AspNetCoreContrib.Abstractions.csproj", "{E94503EB-F014-4D39-B17B-E81C0B68CF63}"
EndProject
Project("{9A19103F-16F7-4668-BE54-9A1E7A4F7556}") = "Dhgms.AspNetCoreContrib.Controllers", "Dhgms.AspNetCoreContrib.Controllers\Dhgms.AspNetCoreContrib.Controllers.csproj", "{F93397CD-05D2-4933-8C59-867D5331CBED}"
EndProject
Project("{9A19103F-16F7-4668-BE54-9A1E7A4F7556}") = "Dhgms.AspNetCoreContrib.UnitTests", "Dhgms.AspNetCoreContrib.UnitTests\Dhgms.AspNetCoreContrib.UnitTests.csproj", "{5CA40CE7-778D-42FC-92F8-E8CA5298C46B}"
EndProject
Project("{9A19103F-16F7-4668-BE54-9A1E7A4F7556}") = "Dhgms.AspNetCoreContrib.Example.WebSite", "Dhgms.AspNetCoreContrib.Example.WebSite\Dhgms.AspNetCoreContrib.Example.WebSite.csproj", "{E1A3ECDF-D61C-4E48-B8F6-AC01907CA31E}"
EndProject
Project("{FAE04EC0-301F-11D3-BF4B-00C04F79EFBC}") = "Dhgms.AspNetCoreContrib.Fakes", "Dhgms.AspNetCoreContrib.Fakes\Dhgms.AspNetCoreContrib.Fakes.csproj", "{D2B9B1A2-1AEB-45AB-9CAD-1696DB13CD00}"
EndProject
Global
	GlobalSection(SolutionConfigurationPlatforms) = preSolution
		Debug|Any CPU = Debug|Any CPU
		Release|Any CPU = Release|Any CPU
	EndGlobalSection
	GlobalSection(ProjectConfigurationPlatforms) = postSolution
		{E94503EB-F014-4D39-B17B-E81C0B68CF63}.Debug|Any CPU.ActiveCfg = Debug|Any CPU
		{E94503EB-F014-4D39-B17B-E81C0B68CF63}.Debug|Any CPU.Build.0 = Debug|Any CPU
		{E94503EB-F014-4D39-B17B-E81C0B68CF63}.Release|Any CPU.ActiveCfg = Release|Any CPU
		{E94503EB-F014-4D39-B17B-E81C0B68CF63}.Release|Any CPU.Build.0 = Release|Any CPU
		{F93397CD-05D2-4933-8C59-867D5331CBED}.Debug|Any CPU.ActiveCfg = Debug|Any CPU
		{F93397CD-05D2-4933-8C59-867D5331CBED}.Debug|Any CPU.Build.0 = Debug|Any CPU
		{F93397CD-05D2-4933-8C59-867D5331CBED}.Release|Any CPU.ActiveCfg = Release|Any CPU
		{F93397CD-05D2-4933-8C59-867D5331CBED}.Release|Any CPU.Build.0 = Release|Any CPU
		{5CA40CE7-778D-42FC-92F8-E8CA5298C46B}.Debug|Any CPU.ActiveCfg = Debug|Any CPU
		{5CA40CE7-778D-42FC-92F8-E8CA5298C46B}.Debug|Any CPU.Build.0 = Debug|Any CPU
		{5CA40CE7-778D-42FC-92F8-E8CA5298C46B}.Release|Any CPU.ActiveCfg = Release|Any CPU
		{5CA40CE7-778D-42FC-92F8-E8CA5298C46B}.Release|Any CPU.Build.0 = Release|Any CPU
		{E1A3ECDF-D61C-4E48-B8F6-AC01907CA31E}.Debug|Any CPU.ActiveCfg = Debug|Any CPU
		{E1A3ECDF-D61C-4E48-B8F6-AC01907CA31E}.Debug|Any CPU.Build.0 = Debug|Any CPU
		{E1A3ECDF-D61C-4E48-B8F6-AC01907CA31E}.Release|Any CPU.ActiveCfg = Release|Any CPU
		{E1A3ECDF-D61C-4E48-B8F6-AC01907CA31E}.Release|Any CPU.Build.0 = Release|Any CPU
		{D2B9B1A2-1AEB-45AB-9CAD-1696DB13CD00}.Debug|Any CPU.ActiveCfg = Debug|Any CPU
		{D2B9B1A2-1AEB-45AB-9CAD-1696DB13CD00}.Debug|Any CPU.Build.0 = Debug|Any CPU
		{D2B9B1A2-1AEB-45AB-9CAD-1696DB13CD00}.Release|Any CPU.ActiveCfg = Release|Any CPU
		{D2B9B1A2-1AEB-45AB-9CAD-1696DB13CD00}.Release|Any CPU.Build.0 = Release|Any CPU
	EndGlobalSection
	GlobalSection(SolutionProperties) = preSolution
		HideSolutionNode = FALSE
	EndGlobalSection
	GlobalSection(ExtensibilityGlobals) = postSolution
		SolutionGuid = {6DB2718A-6FAF-4785-856D-2A081D493A02}
	EndGlobalSection
EndGlobal
