
Microsoft Visual Studio Solution File, Format Version 12.00
# Visual Studio Version 16
VisualStudioVersion = 16.0.29306.81
MinimumVisualStudioVersion = 10.0.40219.1
Project("{9A19103F-16F7-4668-BE54-9A1E7A4F7556}") = "Dhgms.AspNetCoreContrib.Abstractions", "Dhgms.AspNetCoreContrib.Abstractions\Dhgms.AspNetCoreContrib.Abstractions.csproj", "{E94503EB-F014-4D39-B17B-E81C0B68CF63}"
EndProject
Project("{9A19103F-16F7-4668-BE54-9A1E7A4F7556}") = "Dhgms.AspNetCoreContrib.Controllers", "Dhgms.AspNetCoreContrib.Controllers\Dhgms.AspNetCoreContrib.Controllers.csproj", "{F93397CD-05D2-4933-8C59-867D5331CBED}"
EndProject
Project("{9A19103F-16F7-4668-BE54-9A1E7A4F7556}") = "Dhgms.AspNetCoreContrib.UnitTests", "Dhgms.AspNetCoreContrib.UnitTests\Dhgms.AspNetCoreContrib.UnitTests.csproj", "{5CA40CE7-778D-42FC-92F8-E8CA5298C46B}"
EndProject
Project("{9A19103F-16F7-4668-BE54-9A1E7A4F7556}") = "Dhgms.AspNetCoreContrib.Fakes", "Dhgms.AspNetCoreContrib.Fakes\Dhgms.AspNetCoreContrib.Fakes.csproj", "{D2B9B1A2-1AEB-45AB-9CAD-1696DB13CD00}"
EndProject
Project("{9A19103F-16F7-4668-BE54-9A1E7A4F7556}") = "Dhgms.AspNetCoreContrib.IntegrationTests", "Dhgms.AspNetCoreContrib.IntegrationTests\Dhgms.AspNetCoreContrib.IntegrationTests.csproj", "{B1942E99-EF2E-4BBE-BA50-2ABB4C534EE9}"
EndProject
Project("{9A19103F-16F7-4668-BE54-9A1E7A4F7556}") = "Dhgms.AspNetCoreContrib.Example.WebApiApp", "Dhgms.AspNetCoreContrib.Example.WebApiApp\Dhgms.AspNetCoreContrib.Example.WebApiApp.csproj", "{59DCCBAC-5B17-49C3-B4B3-8F6F2F676316}"
EndProject
Project("{9A19103F-16F7-4668-BE54-9A1E7A4F7556}") = "Dhgms.AspNetCoreContrib.App", "Dhgms.AspNetCoreContrib.App\Dhgms.AspNetCoreContrib.App.csproj", "{F626BE0D-C21E-4CE0-9C5E-1C3626129681}"
EndProject
Project("{9A19103F-16F7-4668-BE54-9A1E7A4F7556}") = "Dhgms.AspNetCoreContrib.Example.WebMvcApp", "Dhgms.AspNetCoreContrib.Example.WebMvcApp\Dhgms.AspNetCoreContrib.Example.WebMvcApp.csproj", "{F0B3F347-253A-4A23-BDE6-478A12685808}"
EndProject
Project("{9A19103F-16F7-4668-BE54-9A1E7A4F7556}") = "Whipstaff.AspNetCore.StaticFiles", "Whipstaff.AspNetCore.StaticFiles\Whipstaff.AspNetCore.StaticFiles.csproj", "{9FB84667-7F09-447E-8121-D1CD725A915E}"
EndProject
Project("{9A19103F-16F7-4668-BE54-9A1E7A4F7556}") = "Whipstaff.Core", "Whipstaff.Core\Whipstaff.Core.csproj", "{46C501E8-9898-4D71-9F85-588614E5925C}"
EndProject
Project("{9A19103F-16F7-4668-BE54-9A1E7A4F7556}") = "Whipstaff.EntityFramework", "Whipstaff.EntityFramework\Whipstaff.EntityFramework.csproj", "{0D0C2C40-F3C1-4180-9735-4058641708F9}"
EndProject
Project("{9A19103F-16F7-4668-BE54-9A1E7A4F7556}") = "Whipstaff.MediatR.EntityFrameworkCore", "Whipstaff.MediatR.EntityFrameworkCore\Whipstaff.MediatR.EntityFrameworkCore.csproj", "{04C47C99-7169-4159-8288-F7208C0CD987}"
EndProject
Project("{9A19103F-16F7-4668-BE54-9A1E7A4F7556}") = "Whipstaff.MediatR.Foundatio", "Whipstaff.MediatR.Foundatio\Whipstaff.MediatR.Foundatio.csproj", "{2AAC2BF5-1057-4C0D-A22F-43E04DB17BB8}"
EndProject
Project("{9A19103F-16F7-4668-BE54-9A1E7A4F7556}") = "Whipstaff.MsSql", "Whipstaff.MsSql\Whipstaff.MsSql.csproj", "{8FC735A0-A705-4972-BDBD-2E0A9ECA3968}"
EndProject
Project("{9A19103F-16F7-4668-BE54-9A1E7A4F7556}") = "Whipstaff.Oracle", "Whipstaff.Oracle\Whipstaff.Oracle.csproj", "{36952247-612F-4D3F-8A8A-2752B5808D6B}"
EndProject
Project("{9A19103F-16F7-4668-BE54-9A1E7A4F7556}") = "Whipstaff.Runtime", "Whipstaff.Runtime\Whipstaff.Runtime.csproj", "{67723447-C9D4-4917-AA5A-3B075F5B9EAB}"
EndProject
Project("{9A19103F-16F7-4668-BE54-9A1E7A4F7556}") = "Whipstaff.Wpf", "Whipstaff.Wpf\Whipstaff.Wpf.csproj", "{E56AE632-D1FD-4091-A06D-F4315282D53E}"
EndProject
Global
	GlobalSection(SolutionConfigurationPlatforms) = preSolution
		Debug|Any CPU = Debug|Any CPU
		Release|Any CPU = Release|Any CPU
	EndGlobalSection
	GlobalSection(ProjectConfigurationPlatforms) = postSolution
		{E94503EB-F014-4D39-B17B-E81C0B68CF63}.Debug|Any CPU.ActiveCfg = Debug|Any CPU
		{E94503EB-F014-4D39-B17B-E81C0B68CF63}.Debug|Any CPU.Build.0 = Debug|Any CPU
		{E94503EB-F014-4D39-B17B-E81C0B68CF63}.Release|Any CPU.ActiveCfg = Release|Any CPU
		{E94503EB-F014-4D39-B17B-E81C0B68CF63}.Release|Any CPU.Build.0 = Release|Any CPU
		{F93397CD-05D2-4933-8C59-867D5331CBED}.Debug|Any CPU.ActiveCfg = Debug|Any CPU
		{F93397CD-05D2-4933-8C59-867D5331CBED}.Debug|Any CPU.Build.0 = Debug|Any CPU
		{F93397CD-05D2-4933-8C59-867D5331CBED}.Release|Any CPU.ActiveCfg = Release|Any CPU
		{F93397CD-05D2-4933-8C59-867D5331CBED}.Release|Any CPU.Build.0 = Release|Any CPU
		{5CA40CE7-778D-42FC-92F8-E8CA5298C46B}.Debug|Any CPU.ActiveCfg = Debug|Any CPU
		{5CA40CE7-778D-42FC-92F8-E8CA5298C46B}.Debug|Any CPU.Build.0 = Debug|Any CPU
		{5CA40CE7-778D-42FC-92F8-E8CA5298C46B}.Release|Any CPU.ActiveCfg = Release|Any CPU
		{5CA40CE7-778D-42FC-92F8-E8CA5298C46B}.Release|Any CPU.Build.0 = Release|Any CPU
		{D2B9B1A2-1AEB-45AB-9CAD-1696DB13CD00}.Debug|Any CPU.ActiveCfg = Debug|Any CPU
		{D2B9B1A2-1AEB-45AB-9CAD-1696DB13CD00}.Debug|Any CPU.Build.0 = Debug|Any CPU
		{D2B9B1A2-1AEB-45AB-9CAD-1696DB13CD00}.Release|Any CPU.ActiveCfg = Release|Any CPU
		{D2B9B1A2-1AEB-45AB-9CAD-1696DB13CD00}.Release|Any CPU.Build.0 = Release|Any CPU
		{B1942E99-EF2E-4BBE-BA50-2ABB4C534EE9}.Debug|Any CPU.ActiveCfg = Debug|Any CPU
		{B1942E99-EF2E-4BBE-BA50-2ABB4C534EE9}.Debug|Any CPU.Build.0 = Debug|Any CPU
		{B1942E99-EF2E-4BBE-BA50-2ABB4C534EE9}.Release|Any CPU.ActiveCfg = Release|Any CPU
		{B1942E99-EF2E-4BBE-BA50-2ABB4C534EE9}.Release|Any CPU.Build.0 = Release|Any CPU
		{59DCCBAC-5B17-49C3-B4B3-8F6F2F676316}.Debug|Any CPU.ActiveCfg = Debug|Any CPU
		{59DCCBAC-5B17-49C3-B4B3-8F6F2F676316}.Debug|Any CPU.Build.0 = Debug|Any CPU
		{59DCCBAC-5B17-49C3-B4B3-8F6F2F676316}.Release|Any CPU.ActiveCfg = Release|Any CPU
		{59DCCBAC-5B17-49C3-B4B3-8F6F2F676316}.Release|Any CPU.Build.0 = Release|Any CPU
		{F626BE0D-C21E-4CE0-9C5E-1C3626129681}.Debug|Any CPU.ActiveCfg = Debug|Any CPU
		{F626BE0D-C21E-4CE0-9C5E-1C3626129681}.Debug|Any CPU.Build.0 = Debug|Any CPU
		{F626BE0D-C21E-4CE0-9C5E-1C3626129681}.Release|Any CPU.ActiveCfg = Release|Any CPU
		{F626BE0D-C21E-4CE0-9C5E-1C3626129681}.Release|Any CPU.Build.0 = Release|Any CPU
		{F0B3F347-253A-4A23-BDE6-478A12685808}.Debug|Any CPU.ActiveCfg = Debug|Any CPU
		{F0B3F347-253A-4A23-BDE6-478A12685808}.Debug|Any CPU.Build.0 = Debug|Any CPU
		{F0B3F347-253A-4A23-BDE6-478A12685808}.Release|Any CPU.ActiveCfg = Release|Any CPU
		{F0B3F347-253A-4A23-BDE6-478A12685808}.Release|Any CPU.Build.0 = Release|Any CPU
		{9FB84667-7F09-447E-8121-D1CD725A915E}.Debug|Any CPU.ActiveCfg = Debug|Any CPU
		{9FB84667-7F09-447E-8121-D1CD725A915E}.Debug|Any CPU.Build.0 = Debug|Any CPU
		{9FB84667-7F09-447E-8121-D1CD725A915E}.Release|Any CPU.ActiveCfg = Release|Any CPU
		{9FB84667-7F09-447E-8121-D1CD725A915E}.Release|Any CPU.Build.0 = Release|Any CPU
		{46C501E8-9898-4D71-9F85-588614E5925C}.Debug|Any CPU.ActiveCfg = Debug|Any CPU
		{46C501E8-9898-4D71-9F85-588614E5925C}.Debug|Any CPU.Build.0 = Debug|Any CPU
		{46C501E8-9898-4D71-9F85-588614E5925C}.Release|Any CPU.ActiveCfg = Release|Any CPU
		{46C501E8-9898-4D71-9F85-588614E5925C}.Release|Any CPU.Build.0 = Release|Any CPU
		{0D0C2C40-F3C1-4180-9735-4058641708F9}.Debug|Any CPU.ActiveCfg = Debug|Any CPU
		{0D0C2C40-F3C1-4180-9735-4058641708F9}.Debug|Any CPU.Build.0 = Debug|Any CPU
		{0D0C2C40-F3C1-4180-9735-4058641708F9}.Release|Any CPU.ActiveCfg = Release|Any CPU
		{0D0C2C40-F3C1-4180-9735-4058641708F9}.Release|Any CPU.Build.0 = Release|Any CPU
		{04C47C99-7169-4159-8288-F7208C0CD987}.Debug|Any CPU.ActiveCfg = Debug|Any CPU
		{04C47C99-7169-4159-8288-F7208C0CD987}.Debug|Any CPU.Build.0 = Debug|Any CPU
		{04C47C99-7169-4159-8288-F7208C0CD987}.Release|Any CPU.ActiveCfg = Release|Any CPU
		{04C47C99-7169-4159-8288-F7208C0CD987}.Release|Any CPU.Build.0 = Release|Any CPU
		{2AAC2BF5-1057-4C0D-A22F-43E04DB17BB8}.Debug|Any CPU.ActiveCfg = Debug|Any CPU
		{2AAC2BF5-1057-4C0D-A22F-43E04DB17BB8}.Debug|Any CPU.Build.0 = Debug|Any CPU
		{2AAC2BF5-1057-4C0D-A22F-43E04DB17BB8}.Release|Any CPU.ActiveCfg = Release|Any CPU
		{2AAC2BF5-1057-4C0D-A22F-43E04DB17BB8}.Release|Any CPU.Build.0 = Release|Any CPU
		{8FC735A0-A705-4972-BDBD-2E0A9ECA3968}.Debug|Any CPU.ActiveCfg = Debug|Any CPU
		{8FC735A0-A705-4972-BDBD-2E0A9ECA3968}.Debug|Any CPU.Build.0 = Debug|Any CPU
		{8FC735A0-A705-4972-BDBD-2E0A9ECA3968}.Release|Any CPU.ActiveCfg = Release|Any CPU
		{8FC735A0-A705-4972-BDBD-2E0A9ECA3968}.Release|Any CPU.Build.0 = Release|Any CPU
		{36952247-612F-4D3F-8A8A-2752B5808D6B}.Debug|Any CPU.ActiveCfg = Debug|Any CPU
		{36952247-612F-4D3F-8A8A-2752B5808D6B}.Debug|Any CPU.Build.0 = Debug|Any CPU
		{36952247-612F-4D3F-8A8A-2752B5808D6B}.Release|Any CPU.ActiveCfg = Release|Any CPU
		{36952247-612F-4D3F-8A8A-2752B5808D6B}.Release|Any CPU.Build.0 = Release|Any CPU
		{67723447-C9D4-4917-AA5A-3B075F5B9EAB}.Debug|Any CPU.ActiveCfg = Debug|Any CPU
		{67723447-C9D4-4917-AA5A-3B075F5B9EAB}.Debug|Any CPU.Build.0 = Debug|Any CPU
		{67723447-C9D4-4917-AA5A-3B075F5B9EAB}.Release|Any CPU.ActiveCfg = Release|Any CPU
		{67723447-C9D4-4917-AA5A-3B075F5B9EAB}.Release|Any CPU.Build.0 = Release|Any CPU
		{E56AE632-D1FD-4091-A06D-F4315282D53E}.Debug|Any CPU.ActiveCfg = Debug|Any CPU
		{E56AE632-D1FD-4091-A06D-F4315282D53E}.Debug|Any CPU.Build.0 = Debug|Any CPU
		{E56AE632-D1FD-4091-A06D-F4315282D53E}.Release|Any CPU.ActiveCfg = Release|Any CPU
		{E56AE632-D1FD-4091-A06D-F4315282D53E}.Release|Any CPU.Build.0 = Release|Any CPU
	EndGlobalSection
	GlobalSection(SolutionProperties) = preSolution
		HideSolutionNode = FALSE
	EndGlobalSection
	GlobalSection(ExtensibilityGlobals) = postSolution
		SolutionGuid = {6DB2718A-6FAF-4785-856D-2A081D493A02}
	EndGlobalSection
EndGlobal
