
Microsoft Visual Studio Solution File, Format Version 12.00
# Visual Studio Version 16
VisualStudioVersion = 16.0.29306.81
MinimumVisualStudioVersion = 10.0.40219.1
Project("{9A19103F-16F7-4668-BE54-9A1E7A4F7556}") = "Dhgms.AspNetCoreContrib.Abstractions", "Dhgms.AspNetCoreContrib.Abstractions\Dhgms.AspNetCoreContrib.Abstractions.csproj", "{E94503EB-F014-4D39-B17B-E81C0B68CF63}"
EndProject
Project("{9A19103F-16F7-4668-BE54-9A1E7A4F7556}") = "Dhgms.AspNetCoreContrib.Controllers", "Dhgms.AspNetCoreContrib.Controllers\Dhgms.AspNetCoreContrib.Controllers.csproj", "{F93397CD-05D2-4933-8C59-867D5331CBED}"
EndProject
Project("{9A19103F-16F7-4668-BE54-9A1E7A4F7556}") = "Dhgms.AspNetCoreContrib.UnitTests", "Dhgms.AspNetCoreContrib.UnitTests\Dhgms.AspNetCoreContrib.UnitTests.csproj", "{5CA40CE7-778D-42FC-92F8-E8CA5298C46B}"
EndProject
Project("{9A19103F-16F7-4668-BE54-9A1E7A4F7556}") = "Dhgms.AspNetCoreContrib.Example.WebSite", "Dhgms.AspNetCoreContrib.Example.WebSite\Dhgms.AspNetCoreContrib.Example.WebSite.csproj", "{E1A3ECDF-D61C-4E48-B8F6-AC01907CA31E}"
EndProject
Project("{9A19103F-16F7-4668-BE54-9A1E7A4F7556}") = "Dhgms.AspNetCoreContrib.Fakes", "Dhgms.AspNetCoreContrib.Fakes\Dhgms.AspNetCoreContrib.Fakes.csproj", "{D2B9B1A2-1AEB-45AB-9CAD-1696DB13CD00}"
EndProject
Project("{9A19103F-16F7-4668-BE54-9A1E7A4F7556}") = "Dhgms.AspNetCoreContrib.IntegrationTests", "Dhgms.AspNetCoreContrib.IntegrationTests\Dhgms.AspNetCoreContrib.IntegrationTests.csproj", "{B1942E99-EF2E-4BBE-BA50-2ABB4C534EE9}"
EndProject
Project("{9A19103F-16F7-4668-BE54-9A1E7A4F7556}") = "Dhgms.AspNetCoreContrib.Example.WebApiApp", "Dhgms.AspNetCoreContrib.Example.WebApiApp\Dhgms.AspNetCoreContrib.Example.WebApiApp.csproj", "{59DCCBAC-5B17-49C3-B4B3-8F6F2F676316}"
EndProject
Project("{9A19103F-16F7-4668-BE54-9A1E7A4F7556}") = "Dhgms.AspNetCoreContrib.Example.WebBlazorServer", "Dhgms.AspNetCoreContrib.Example.WebBlazorServer\Dhgms.AspNetCoreContrib.Example.WebBlazorServer.csproj", "{3C5BA0A5-C742-42CB-BA97-B535D5DCD43D}"
EndProject
Project("{9A19103F-16F7-4668-BE54-9A1E7A4F7556}") = "Dhgms.AspNetCoreContrib.Example.WebBlazorWasm", "Dhgms.AspNetCoreContrib.Example.WebBlazorWasm\Dhgms.AspNetCoreContrib.Example.WebBlazorWasm.csproj", "{4B97753B-C6E3-4517-8928-72564909461B}"
EndProject
Project("{FAE04EC0-301F-11D3-BF4B-00C04F79EFBC}") = "Dhgms.AspNetCoreContrib.App", "Dhgms.AspNetCoreContrib.App\Dhgms.AspNetCoreContrib.App.csproj", "{F626BE0D-C21E-4CE0-9C5E-1C3626129681}"
EndProject
Global
	GlobalSection(SolutionConfigurationPlatforms) = preSolution
		Debug|Any CPU = Debug|Any CPU
		Release|Any CPU = Release|Any CPU
	EndGlobalSection
	GlobalSection(ProjectConfigurationPlatforms) = postSolution
		{E94503EB-F014-4D39-B17B-E81C0B68CF63}.Debug|Any CPU.ActiveCfg = Debug|Any CPU
		{E94503EB-F014-4D39-B17B-E81C0B68CF63}.Debug|Any CPU.Build.0 = Debug|Any CPU
		{E94503EB-F014-4D39-B17B-E81C0B68CF63}.Release|Any CPU.ActiveCfg = Release|Any CPU
		{E94503EB-F014-4D39-B17B-E81C0B68CF63}.Release|Any CPU.Build.0 = Release|Any CPU
		{F93397CD-05D2-4933-8C59-867D5331CBED}.Debug|Any CPU.ActiveCfg = Debug|Any CPU
		{F93397CD-05D2-4933-8C59-867D5331CBED}.Debug|Any CPU.Build.0 = Debug|Any CPU
		{F93397CD-05D2-4933-8C59-867D5331CBED}.Release|Any CPU.ActiveCfg = Release|Any CPU
		{F93397CD-05D2-4933-8C59-867D5331CBED}.Release|Any CPU.Build.0 = Release|Any CPU
		{5CA40CE7-778D-42FC-92F8-E8CA5298C46B}.Debug|Any CPU.ActiveCfg = Debug|Any CPU
		{5CA40CE7-778D-42FC-92F8-E8CA5298C46B}.Debug|Any CPU.Build.0 = Debug|Any CPU
		{5CA40CE7-778D-42FC-92F8-E8CA5298C46B}.Release|Any CPU.ActiveCfg = Release|Any CPU
		{5CA40CE7-778D-42FC-92F8-E8CA5298C46B}.Release|Any CPU.Build.0 = Release|Any CPU
		{E1A3ECDF-D61C-4E48-B8F6-AC01907CA31E}.Debug|Any CPU.ActiveCfg = Debug|Any CPU
		{E1A3ECDF-D61C-4E48-B8F6-AC01907CA31E}.Debug|Any CPU.Build.0 = Debug|Any CPU
		{E1A3ECDF-D61C-4E48-B8F6-AC01907CA31E}.Release|Any CPU.ActiveCfg = Release|Any CPU
		{E1A3ECDF-D61C-4E48-B8F6-AC01907CA31E}.Release|Any CPU.Build.0 = Release|Any CPU
		{D2B9B1A2-1AEB-45AB-9CAD-1696DB13CD00}.Debug|Any CPU.ActiveCfg = Debug|Any CPU
		{D2B9B1A2-1AEB-45AB-9CAD-1696DB13CD00}.Debug|Any CPU.Build.0 = Debug|Any CPU
		{D2B9B1A2-1AEB-45AB-9CAD-1696DB13CD00}.Release|Any CPU.ActiveCfg = Release|Any CPU
		{D2B9B1A2-1AEB-45AB-9CAD-1696DB13CD00}.Release|Any CPU.Build.0 = Release|Any CPU
		{B1942E99-EF2E-4BBE-BA50-2ABB4C534EE9}.Debug|Any CPU.ActiveCfg = Debug|Any CPU
		{B1942E99-EF2E-4BBE-BA50-2ABB4C534EE9}.Debug|Any CPU.Build.0 = Debug|Any CPU
		{B1942E99-EF2E-4BBE-BA50-2ABB4C534EE9}.Release|Any CPU.ActiveCfg = Release|Any CPU
		{B1942E99-EF2E-4BBE-BA50-2ABB4C534EE9}.Release|Any CPU.Build.0 = Release|Any CPU
		{59DCCBAC-5B17-49C3-B4B3-8F6F2F676316}.Debug|Any CPU.ActiveCfg = Debug|Any CPU
		{59DCCBAC-5B17-49C3-B4B3-8F6F2F676316}.Debug|Any CPU.Build.0 = Debug|Any CPU
		{59DCCBAC-5B17-49C3-B4B3-8F6F2F676316}.Release|Any CPU.ActiveCfg = Release|Any CPU
		{59DCCBAC-5B17-49C3-B4B3-8F6F2F676316}.Release|Any CPU.Build.0 = Release|Any CPU
		{3C5BA0A5-C742-42CB-BA97-B535D5DCD43D}.Debug|Any CPU.ActiveCfg = Debug|Any CPU
		{3C5BA0A5-C742-42CB-BA97-B535D5DCD43D}.Debug|Any CPU.Build.0 = Debug|Any CPU
		{3C5BA0A5-C742-42CB-BA97-B535D5DCD43D}.Release|Any CPU.ActiveCfg = Release|Any CPU
		{3C5BA0A5-C742-42CB-BA97-B535D5DCD43D}.Release|Any CPU.Build.0 = Release|Any CPU
		{4B97753B-C6E3-4517-8928-72564909461B}.Debug|Any CPU.ActiveCfg = Debug|Any CPU
		{4B97753B-C6E3-4517-8928-72564909461B}.Debug|Any CPU.Build.0 = Debug|Any CPU
		{4B97753B-C6E3-4517-8928-72564909461B}.Release|Any CPU.ActiveCfg = Release|Any CPU
		{4B97753B-C6E3-4517-8928-72564909461B}.Release|Any CPU.Build.0 = Release|Any CPU
		{F626BE0D-C21E-4CE0-9C5E-1C3626129681}.Debug|Any CPU.ActiveCfg = Debug|Any CPU
		{F626BE0D-C21E-4CE0-9C5E-1C3626129681}.Debug|Any CPU.Build.0 = Debug|Any CPU
		{F626BE0D-C21E-4CE0-9C5E-1C3626129681}.Release|Any CPU.ActiveCfg = Release|Any CPU
		{F626BE0D-C21E-4CE0-9C5E-1C3626129681}.Release|Any CPU.Build.0 = Release|Any CPU
	EndGlobalSection
	GlobalSection(SolutionProperties) = preSolution
		HideSolutionNode = FALSE
	EndGlobalSection
	GlobalSection(ExtensibilityGlobals) = postSolution
		SolutionGuid = {6DB2718A-6FAF-4785-856D-2A081D493A02}
	EndGlobalSection
EndGlobal
