Microsoft Visual Studio Solution File, Format Version 12.00
# Visual Studio Version 17
VisualStudioVersion = 17.0.31912.275
MinimumVisualStudioVersion = 10.0.40219.1
Project("{9A19103F-16F7-4668-BE54-9A1E7A4F7556}") = "Whipstaff.UnitTests", "Whipstaff.UnitTests\Whipstaff.UnitTests.csproj", "{5CA40CE7-778D-42FC-92F8-E8CA5298C46B}"
EndProject
Project("{9A19103F-16F7-4668-BE54-9A1E7A4F7556}") = "Whipstaff.Testing", "Whipstaff.Testing\Whipstaff.Testing.csproj", "{D2B9B1A2-1AEB-45AB-9CAD-1696DB13CD00}"
EndProject
Project("{9A19103F-16F7-4668-BE54-9A1E7A4F7556}") = "Whipstaff.IntegrationTests", "Whipstaff.IntegrationTests\Whipstaff.IntegrationTests.csproj", "{B1942E99-EF2E-4BBE-BA50-2ABB4C534EE9}"
EndProject
Project("{9A19103F-16F7-4668-BE54-9A1E7A4F7556}") = "Dhgms.AspNetCoreContrib.Example.WebApiApp", "Whipstaff.Example.WebApiApp\Dhgms.AspNetCoreContrib.Example.WebApiApp.csproj", "{59DCCBAC-5B17-49C3-B4B3-8F6F2F676316}"
EndProject
Project("{9A19103F-16F7-4668-BE54-9A1E7A4F7556}") = "Dhgms.AspNetCoreContrib.Example.WebMvcApp", "Whipstaff.Example.WebMvcApp\Dhgms.AspNetCoreContrib.Example.WebMvcApp.csproj", "{F0B3F347-253A-4A23-BDE6-478A12685808}"
EndProject
Project("{9A19103F-16F7-4668-BE54-9A1E7A4F7556}") = "Whipstaff.AspNetCore", "Whipstaff.AspNetCore\Whipstaff.AspNetCore.csproj", "{9FB84667-7F09-447E-8121-D1CD725A915E}"
EndProject
Project("{9A19103F-16F7-4668-BE54-9A1E7A4F7556}") = "Whipstaff.Core", "Whipstaff.Core\Whipstaff.Core.csproj", "{46C501E8-9898-4D71-9F85-588614E5925C}"
EndProject
Project("{9A19103F-16F7-4668-BE54-9A1E7A4F7556}") = "Whipstaff.EntityFramework", "Whipstaff.EntityFramework\Whipstaff.EntityFramework.csproj", "{0D0C2C40-F3C1-4180-9735-4058641708F9}"
EndProject
Project("{9A19103F-16F7-4668-BE54-9A1E7A4F7556}") = "Whipstaff.MediatR.EntityFrameworkCore", "Whipstaff.MediatR.EntityFrameworkCore\Whipstaff.MediatR.EntityFrameworkCore.csproj", "{04C47C99-7169-4159-8288-F7208C0CD987}"
EndProject
Project("{9A19103F-16F7-4668-BE54-9A1E7A4F7556}") = "Whipstaff.MediatR.Foundatio", "Whipstaff.MediatR.Foundatio\Whipstaff.MediatR.Foundatio.csproj", "{2AAC2BF5-1057-4C0D-A22F-43E04DB17BB8}"
EndProject
Project("{9A19103F-16F7-4668-BE54-9A1E7A4F7556}") = "Whipstaff.MsSql", "Whipstaff.MsSql\Whipstaff.MsSql.csproj", "{8FC735A0-A705-4972-BDBD-2E0A9ECA3968}"
EndProject
Project("{9A19103F-16F7-4668-BE54-9A1E7A4F7556}") = "Whipstaff.Oracle", "Whipstaff.Oracle\Whipstaff.Oracle.csproj", "{36952247-612F-4D3F-8A8A-2752B5808D6B}"
EndProject
Project("{9A19103F-16F7-4668-BE54-9A1E7A4F7556}") = "Whipstaff.Runtime", "Whipstaff.Runtime\Whipstaff.Runtime.csproj", "{67723447-C9D4-4917-AA5A-3B075F5B9EAB}"
EndProject
Project("{9A19103F-16F7-4668-BE54-9A1E7A4F7556}") = "Whipstaff.Wpf", "Whipstaff.Wpf\Whipstaff.Wpf.csproj", "{E56AE632-D1FD-4091-A06D-F4315282D53E}"
EndProject
Project("{9A19103F-16F7-4668-BE54-9A1E7A4F7556}") = "Whipstaff.OpenXml", "Whipstaff.OpenXml\Whipstaff.OpenXml.csproj", "{488A3380-D7F7-46ED-8BD6-2D8A7BB29E9A}"
EndProject
Project("{2150E333-8FDC-42A3-9474-1A3956D46DE8}") = "Testing", "Testing", "{B4DE2ED2-337D-4315-879A-6D165E5BE2DC}"
EndProject
Project("{9A19103F-16F7-4668-BE54-9A1E7A4F7556}") = "Whipstaff.Rx", "Whipstaff.Rx\Whipstaff.Rx.csproj", "{169B792E-8529-43E6-A1D2-7CCA3DE0B557}"
EndProject
Project("{9A19103F-16F7-4668-BE54-9A1E7A4F7556}") = "Whipstaff.Wpf.Mahapps", "Whipstaff.Wpf.Mahapps\Whipstaff.Wpf.Mahapps.csproj", "{EAE78277-C018-40CB-939F-4C077B7C50F5}"
EndProject
Project("{9A19103F-16F7-4668-BE54-9A1E7A4F7556}") = "Whipstaff.Windows", "Whipstaff.Windows\Whipstaff.Windows.csproj", "{CA159AE1-8795-43F7-A7DC-3A2682C8E6CE}"
EndProject
Project("{9A19103F-16F7-4668-BE54-9A1E7A4F7556}") = "Whipstaff.ReactiveUI", "Whipstaff.ReactiveUI\Whipstaff.ReactiveUI.csproj", "{FC16B508-41FF-47CE-A16A-A8AB3B26309A}"
EndProject
Project("{9A19103F-16F7-4668-BE54-9A1E7A4F7556}") = "Whipstaff.EntityFramework.Relational", "Whipstaff.Entityframework.Relational\Whipstaff.EntityFramework.Relational.csproj", "{783BF3CB-4095-4C5F-8C0C-D5E17979CC56}"
EndProject
Project("{9A19103F-16F7-4668-BE54-9A1E7A4F7556}") = "Whipstaff.Couchbase", "Whipstaff.Couchbase\Whipstaff.Couchbase.csproj", "{8107A239-69D2-40AC-918B-59A77159EC52}"
EndProject
Project("{9A19103F-16F7-4668-BE54-9A1E7A4F7556}") = "Whipstaff.NodaTime", "Whipstaff.NodaTime\Whipstaff.NodaTime.csproj", "{74CF7649-3848-4265-BC96-A5DCA8D176AE}"
EndProject
Project("{9A19103F-16F7-4668-BE54-9A1E7A4F7556}") = "Whipstaff.Benchmarks", "Whipstaff.Benchmarks\Whipstaff.Benchmarks.csproj", "{4E4F5C70-5FE2-4744-833C-A0BE0B8B66F2}"
EndProject
Project("{9A19103F-16F7-4668-BE54-9A1E7A4F7556}") = "Whipstaff.Nuget", "Whipstaff.Nuget\Whipstaff.Nuget.csproj", "{D5E1AC46-891E-4D02-B1F3-A169C4901875}"
EndProject
Project("{9A19103F-16F7-4668-BE54-9A1E7A4F7556}") = "Whipstaff.Playwright", "Whipstaff.Playwright\Whipstaff.Playwright.csproj", "{6C010B59-155B-4E48-9FDF-DCCD549706A4}"
EndProject
Project("{9A19103F-16F7-4668-BE54-9A1E7A4F7556}") = "Whipstaff.Healthchecks.EntityFramework", "Whipstaff.Healthchecks.EntityFramework\Whipstaff.Healthchecks.EntityFramework.csproj", "{D386331F-1CCC-4320-9ADE-736FA82E4E97}"
EndProject
Project("{9A19103F-16F7-4668-BE54-9A1E7A4F7556}") = "Whipstaff.Syncfusion.Pdf", "Whipstaff.Syncfusion.Pdf\Whipstaff.Syncfusion.Pdf.csproj", "{948C5B9D-B809-4A58-82E4-5B7498C8BB2B}"
EndProject
Project("{9A19103F-16F7-4668-BE54-9A1E7A4F7556}") = "Whipstaff.CommandLine", "Whipstaff.CommandLine\Whipstaff.CommandLine.csproj", "{FCE82B26-6234-443F-83B0-6F83D0A6816C}"
EndProject
Project("{9A19103F-16F7-4668-BE54-9A1E7A4F7556}") = "Whipstaff.EntityFramework.Diagram.DotNetTool", "Whipstaff.EntityFramework.Diagram.DotNetTool\Whipstaff.EntityFramework.Diagram.DotNetTool.csproj", "{09CC5D41-8C1E-4F9F-834D-47A5FFCA59AD}"
EndProject
Project("{9A19103F-16F7-4668-BE54-9A1E7A4F7556}") = "Whipstaff.CommandLine.MarkdownGen.DotNetTool", "Whipstaff.CommandLine.MarkdownGen.DotNetTool\Whipstaff.CommandLine.MarkdownGen.DotNetTool.csproj", "{27EEBABA-2EDA-4E88-BBC0-EB7CDCDF5219}"
EndProject
Project("{9A19103F-16F7-4668-BE54-9A1E7A4F7556}") = "Whipstaff.TestableIO.System.IO.Abstractions.TestingHelpers", "Whipstaff.TestableIO.System.IO.Abstractions.TestingHelpers\Whipstaff.TestableIO.System.IO.Abstractions.TestingHelpers.csproj", "{590F9098-871E-4268-8478-362554EF16B5}"
EndProject
Project("{9A19103F-16F7-4668-BE54-9A1E7A4F7556}") = "Whipstaff.MediatR", "Whipstaff.MediatR\Whipstaff.MediatR.csproj", "{CA406584-0360-42B2-9F84-B2BF14293A9D}"
EndProject
Project("{9A19103F-16F7-4668-BE54-9A1E7A4F7556}") = "Whipstaff.Blazor", "Whipstaff.Blazor\Whipstaff.Blazor.csproj", "{BF1B67B7-C9DC-42AC-8705-A5EC00586001}"
EndProject
Project("{9A19103F-16F7-4668-BE54-9A1E7A4F7556}") = "Whipstaff.WinUI", "Whipstaff.WinUI\Whipstaff.WinUI.csproj", "{CDA114BC-FC80-4F8D-89FC-255D889E1E23}"
EndProject
Project("{9A19103F-16F7-4668-BE54-9A1E7A4F7556}") = "Whipstaff.Maui", "Whipstaff.Maui\Whipstaff.Maui.csproj", "{9F1CB727-0915-4A34-9B36-8CF7401B784A}"
EndProject
Project("{9A19103F-16F7-4668-BE54-9A1E7A4F7556}") = "Whipstaff.CsvHelper", "Whipstaff.CsvHelper\Whipstaff.CsvHelper.csproj", "{6184B49E-D58E-4322-A26B-F55E54A17F18}"
EndProject
Project("{9A19103F-16F7-4668-BE54-9A1E7A4F7556}") = "Whipstaff.Wpf.Syncfusion.SfDiagram", "Whipstaff.Wpf.Syncfusion.SfDiagram\Whipstaff.Wpf.Syncfusion.SfDiagram.csproj", "{2DA86542-60A1-4E92-AC74-E0DA490DD0DD}"
EndProject
Project("{9A19103F-16F7-4668-BE54-9A1E7A4F7556}") = "Whipstaff.Wpf.CefSharp", "Whipstaff.Wpf.CefSharp\Whipstaff.Wpf.CefSharp.csproj", "{3299A81D-1451-4269-87B8-9F24B4110BB4}"
EndProject
Project("{FAE04EC0-301F-11D3-BF4B-00C04F79EFBC}") = "Whipstaff.Avalonia", "Whipstaff.Avalonia\Whipstaff.Avalonia.csproj", "{59B33E87-A86F-4AA6-B5AD-CA68451DCEEA}"
EndProject
Project("{9A19103F-16F7-4668-BE54-9A1E7A4F7556}") = "Whipstaff.Mermaid", "Whipstaff.Mermaid\Whipstaff.Mermaid.csproj", "{2B824BAC-8A10-4444-BA5C-D1D208FDCE53}"
EndProject
Project("{9A19103F-16F7-4668-BE54-9A1E7A4F7556}") = "Whipstaff.Wpf.MaterialDesign", "Whipstaff.Wpf.MaterialDesign\Whipstaff.Wpf.MaterialDesign.csproj", "{F23F9BFF-DF01-43A3-85E8-DF87CDA02A58}"
EndProject
Project("{9A19103F-16F7-4668-BE54-9A1E7A4F7556}") = "Whipstaff.Wpf.AvalonEdit", "Whipstaff.Wpf.AvalonEdit\Whipstaff.Wpf.AvalonEdit.csproj", "{4E69353A-56B5-4EAE-8BE4-8975EFDB7C4D}"
EndProject
Project("{9A19103F-16F7-4668-BE54-9A1E7A4F7556}") = "Whipstaff.Statiq", "Whipstaff.Statiq\Whipstaff.Statiq.csproj", "{AE602A3A-6E12-4881-8EF6-A078C11BDF0E}"
EndProject
Project("{9A19103F-16F7-4668-BE54-9A1E7A4F7556}") = "Whipstaff.Aspire.Hosting", "Whipstaff.Aspire.Hosting\Whipstaff.Aspire.Hosting.csproj", "{3F75D12B-9EF6-47D8-955E-B8E5E3336AB7}"
EndProject
Project("{FAE04EC0-301F-11D3-BF4B-00C04F79EFBC}") = "Whipstaff.Example.AspireAppHost", "Whipstaff.Example.AspireAppHost\Whipstaff.Example.AspireAppHost.csproj", "{0312249D-F47A-4527-AF18-C2160EA424E1}"
EndProject
Project("{FAE04EC0-301F-11D3-BF4B-00C04F79EFBC}") = "Whipstaff.Example.AspireServiceDefaults", "Whipstaff.Example.AspireServiceDefaults\Whipstaff.Example.AspireServiceDefaults.csproj", "{24F775CB-3952-4E93-81C5-CC95F50D6F1C}"
EndProject
Project("{FAE04EC0-301F-11D3-BF4B-00C04F79EFBC}") = "Whipstaff.Blazor.Syncfusion", "Whipstaff.Blazor.Syncfusion\Whipstaff.Blazor.Syncfusion.csproj", "{3DCB2CAE-36F8-4E89-AF67-AD9890C554F3}"
EndProject
Project("{FAE04EC0-301F-11D3-BF4B-00C04F79EFBC}") = "Whipstaff.Blazor.Syncfusion.BarcodeGenerator", "Whipstaff.Blazor.Syncfusion.BarcodeGenerator\Whipstaff.Blazor.Syncfusion.BarcodeGenerator.csproj", "{C969E554-F2AF-4EF0-96B6-3224A330E404}"
EndProject
Project("{FAE04EC0-301F-11D3-BF4B-00C04F79EFBC}") = "Whipstaff.Blazor.Syncfusion.Calendars", "Whipstaff.Blazor.Syncfusion.Calendars\Whipstaff.Blazor.Syncfusion.Calendars.csproj", "{62523F84-688F-465D-9BB9-E87D29595CEC}"
EndProject
Project("{FAE04EC0-301F-11D3-BF4B-00C04F79EFBC}") = "Whipstaff.Blazor.Syncfusion.Charts", "Whipstaff.Blazor.Syncfusion.Charts\Whipstaff.Blazor.Syncfusion.Charts.csproj", "{F59839BD-9C71-4704-B55A-18A5B27424E4}"
EndProject
Project("{FAE04EC0-301F-11D3-BF4B-00C04F79EFBC}") = "Whipstaff.Blazor.Syncfusion.Diagram", "Whipstaff.Blazor.Syncfusion.Diagram\Whipstaff.Blazor.Syncfusion.Diagram.csproj", "{3D219B3E-673A-4D48-8118-0C0618B0FF3C}"
EndProject
Project("{FAE04EC0-301F-11D3-BF4B-00C04F79EFBC}") = "Whipstaff.Blazor.Syncfusion.DropDowns", "Whipstaff.Blazor.Syncfusion.DropDowns\Whipstaff.Blazor.Syncfusion.DropDowns.csproj", "{4A601CE7-C475-4A2B-AE48-B596696F31F0}"
EndProject
Project("{FAE04EC0-301F-11D3-BF4B-00C04F79EFBC}") = "Whipstaff.Blazor.Syncfusion.Inputs", "Whipstaff.Blazor.Syncfusion.Inputs\Whipstaff.Blazor.Syncfusion.Inputs.csproj", "{845DD061-436F-46BD-A405-27CAE749A490}"
EndProject
Project("{FAE04EC0-301F-11D3-BF4B-00C04F79EFBC}") = "Whipstaff.Blazor.Syncfusion.Navigations", "Whipstaff.Blazor.Syncfusion.Navigations\Whipstaff.Blazor.Syncfusion.Navigations.csproj", "{986331E6-E78C-4A9F-A134-E3B40F8B1333}"
EndProject
Project("{FAE04EC0-301F-11D3-BF4B-00C04F79EFBC}") = "Whipstaff.Blazor.Syncfusion.Schedule", "Whipstaff.Blazor.Syncfusion.Schedule\Whipstaff.Blazor.Syncfusion.Schedule.csproj", "{4CD7C6CA-7562-485B-B8BC-9400A2927B84}"
EndProject
Project("{FAE04EC0-301F-11D3-BF4B-00C04F79EFBC}") = "Whipstaff.Blazor.Syncfusion.Core", "Whipstaff.Blazor.Syncfusion.Core\Whipstaff.Blazor.Syncfusion.Core.csproj", "{7C353E34-C9FE-46BC-87E1-5C8D2CD1B394}"
EndProject
Project("{FAE04EC0-301F-11D3-BF4B-00C04F79EFBC}") = "Whipstaff.Blazor.Syncfusion.Buttons", "Whipstaff.Blazor.Syncfusion.Buttons\Whipstaff.Blazor.Syncfusion.Buttons.csproj", "{D444CD4F-B682-42BB-A3D8-8825C96E9651}"
EndProject
Project("{FAE04EC0-301F-11D3-BF4B-00C04F79EFBC}") = "Whipstaff.Blazor.Syncfusion.Lists", "Whipstaff.Blazor.Syncfusion.Lists\Whipstaff.Blazor.Syncfusion.Lists.csproj", "{BFC32FB7-6D9F-4989-86C0-08D313D77889}"
EndProject
Project("{FAE04EC0-301F-11D3-BF4B-00C04F79EFBC}") = "Whipstaff.Blazor.Syncfusion.Data", "Whipstaff.Blazor.Syncfusion.Data\Whipstaff.Blazor.Syncfusion.Data.csproj", "{7AE7C932-B6F1-4398-A908-524F156A76E8}"
EndProject
Project("{FAE04EC0-301F-11D3-BF4B-00C04F79EFBC}") = "Whipstaff.Blazor.Syncfusion.DataVizCommon", "Whipstaff.Blazor.Syncfusion.DataVizCommon\Whipstaff.Blazor.Syncfusion.DataVizCommon.csproj", "{B79607FC-7F4D-416A-A57E-7DEDDE3853EF}"
EndProject
Project("{FAE04EC0-301F-11D3-BF4B-00C04F79EFBC}") = "Whipstaff.Blazor.Syncfusion.Popups", "Whipstaff.Blazor.Syncfusion.Popups\Whipstaff.Blazor.Syncfusion.Popups.csproj", "{B0E17163-5564-4ABE-8C01-405333EA8936}"
EndProject
Project("{FAE04EC0-301F-11D3-BF4B-00C04F79EFBC}") = "Whipstaff.Blazor.Syncfusion.Notifications", "Whipstaff.Blazor.Syncfusion.Notifications\Whipstaff.Blazor.Syncfusion.Notifications.csproj", "{5B126F6F-2AD2-4EAC-A382-59C191553A7F}"
EndProject
Project("{FAE04EC0-301F-11D3-BF4B-00C04F79EFBC}") = "Whipstaff.Blazor.Syncfusion.Spinner", "Whipstaff.Blazor.Syncfusion.Spinner\Whipstaff.Blazor.Syncfusion.Spinner.csproj", "{1C616763-E0DF-45E2-991C-F4464072DFA9}"
EndProject
Project("{FAE04EC0-301F-11D3-BF4B-00C04F79EFBC}") = "Whipstaff.Blazor.Syncfusion.SplitButtons", "Whipstaff.Blazor.Syncfusion.SplitButtons\Whipstaff.Blazor.Syncfusion.SplitButtons.csproj", "{FA983AB3-6624-4599-82C1-D7F73F92E175}"
EndProject
Global
	GlobalSection(SolutionConfigurationPlatforms) = preSolution
		Debug|Any CPU = Debug|Any CPU
		Release|Any CPU = Release|Any CPU
	EndGlobalSection
	GlobalSection(ProjectConfigurationPlatforms) = postSolution
		{5CA40CE7-778D-42FC-92F8-E8CA5298C46B}.Debug|Any CPU.ActiveCfg = Debug|Any CPU
		{5CA40CE7-778D-42FC-92F8-E8CA5298C46B}.Debug|Any CPU.Build.0 = Debug|Any CPU
		{5CA40CE7-778D-42FC-92F8-E8CA5298C46B}.Release|Any CPU.ActiveCfg = Release|Any CPU
		{5CA40CE7-778D-42FC-92F8-E8CA5298C46B}.Release|Any CPU.Build.0 = Release|Any CPU
		{D2B9B1A2-1AEB-45AB-9CAD-1696DB13CD00}.Debug|Any CPU.ActiveCfg = Debug|Any CPU
		{D2B9B1A2-1AEB-45AB-9CAD-1696DB13CD00}.Debug|Any CPU.Build.0 = Debug|Any CPU
		{D2B9B1A2-1AEB-45AB-9CAD-1696DB13CD00}.Release|Any CPU.ActiveCfg = Release|Any CPU
		{D2B9B1A2-1AEB-45AB-9CAD-1696DB13CD00}.Release|Any CPU.Build.0 = Release|Any CPU
		{B1942E99-EF2E-4BBE-BA50-2ABB4C534EE9}.Debug|Any CPU.ActiveCfg = Debug|Any CPU
		{B1942E99-EF2E-4BBE-BA50-2ABB4C534EE9}.Debug|Any CPU.Build.0 = Debug|Any CPU
		{B1942E99-EF2E-4BBE-BA50-2ABB4C534EE9}.Release|Any CPU.ActiveCfg = Release|Any CPU
		{B1942E99-EF2E-4BBE-BA50-2ABB4C534EE9}.Release|Any CPU.Build.0 = Release|Any CPU
		{59DCCBAC-5B17-49C3-B4B3-8F6F2F676316}.Debug|Any CPU.ActiveCfg = Debug|Any CPU
		{59DCCBAC-5B17-49C3-B4B3-8F6F2F676316}.Debug|Any CPU.Build.0 = Debug|Any CPU
		{59DCCBAC-5B17-49C3-B4B3-8F6F2F676316}.Release|Any CPU.ActiveCfg = Release|Any CPU
		{59DCCBAC-5B17-49C3-B4B3-8F6F2F676316}.Release|Any CPU.Build.0 = Release|Any CPU
		{F0B3F347-253A-4A23-BDE6-478A12685808}.Debug|Any CPU.ActiveCfg = Debug|Any CPU
		{F0B3F347-253A-4A23-BDE6-478A12685808}.Debug|Any CPU.Build.0 = Debug|Any CPU
		{F0B3F347-253A-4A23-BDE6-478A12685808}.Release|Any CPU.ActiveCfg = Release|Any CPU
		{F0B3F347-253A-4A23-BDE6-478A12685808}.Release|Any CPU.Build.0 = Release|Any CPU
		{9FB84667-7F09-447E-8121-D1CD725A915E}.Debug|Any CPU.ActiveCfg = Debug|Any CPU
		{9FB84667-7F09-447E-8121-D1CD725A915E}.Debug|Any CPU.Build.0 = Debug|Any CPU
		{9FB84667-7F09-447E-8121-D1CD725A915E}.Release|Any CPU.ActiveCfg = Release|Any CPU
		{9FB84667-7F09-447E-8121-D1CD725A915E}.Release|Any CPU.Build.0 = Release|Any CPU
		{46C501E8-9898-4D71-9F85-588614E5925C}.Debug|Any CPU.ActiveCfg = Debug|Any CPU
		{46C501E8-9898-4D71-9F85-588614E5925C}.Debug|Any CPU.Build.0 = Debug|Any CPU
		{46C501E8-9898-4D71-9F85-588614E5925C}.Release|Any CPU.ActiveCfg = Release|Any CPU
		{46C501E8-9898-4D71-9F85-588614E5925C}.Release|Any CPU.Build.0 = Release|Any CPU
		{0D0C2C40-F3C1-4180-9735-4058641708F9}.Debug|Any CPU.ActiveCfg = Debug|Any CPU
		{0D0C2C40-F3C1-4180-9735-4058641708F9}.Debug|Any CPU.Build.0 = Debug|Any CPU
		{0D0C2C40-F3C1-4180-9735-4058641708F9}.Release|Any CPU.ActiveCfg = Release|Any CPU
		{0D0C2C40-F3C1-4180-9735-4058641708F9}.Release|Any CPU.Build.0 = Release|Any CPU
		{04C47C99-7169-4159-8288-F7208C0CD987}.Debug|Any CPU.ActiveCfg = Debug|Any CPU
		{04C47C99-7169-4159-8288-F7208C0CD987}.Debug|Any CPU.Build.0 = Debug|Any CPU
		{04C47C99-7169-4159-8288-F7208C0CD987}.Release|Any CPU.ActiveCfg = Release|Any CPU
		{04C47C99-7169-4159-8288-F7208C0CD987}.Release|Any CPU.Build.0 = Release|Any CPU
		{2AAC2BF5-1057-4C0D-A22F-43E04DB17BB8}.Debug|Any CPU.ActiveCfg = Debug|Any CPU
		{2AAC2BF5-1057-4C0D-A22F-43E04DB17BB8}.Debug|Any CPU.Build.0 = Debug|Any CPU
		{2AAC2BF5-1057-4C0D-A22F-43E04DB17BB8}.Release|Any CPU.ActiveCfg = Release|Any CPU
		{2AAC2BF5-1057-4C0D-A22F-43E04DB17BB8}.Release|Any CPU.Build.0 = Release|Any CPU
		{8FC735A0-A705-4972-BDBD-2E0A9ECA3968}.Debug|Any CPU.ActiveCfg = Debug|Any CPU
		{8FC735A0-A705-4972-BDBD-2E0A9ECA3968}.Debug|Any CPU.Build.0 = Debug|Any CPU
		{8FC735A0-A705-4972-BDBD-2E0A9ECA3968}.Release|Any CPU.ActiveCfg = Release|Any CPU
		{8FC735A0-A705-4972-BDBD-2E0A9ECA3968}.Release|Any CPU.Build.0 = Release|Any CPU
		{36952247-612F-4D3F-8A8A-2752B5808D6B}.Debug|Any CPU.ActiveCfg = Debug|Any CPU
		{36952247-612F-4D3F-8A8A-2752B5808D6B}.Debug|Any CPU.Build.0 = Debug|Any CPU
		{36952247-612F-4D3F-8A8A-2752B5808D6B}.Release|Any CPU.ActiveCfg = Release|Any CPU
		{36952247-612F-4D3F-8A8A-2752B5808D6B}.Release|Any CPU.Build.0 = Release|Any CPU
		{67723447-C9D4-4917-AA5A-3B075F5B9EAB}.Debug|Any CPU.ActiveCfg = Debug|Any CPU
		{67723447-C9D4-4917-AA5A-3B075F5B9EAB}.Debug|Any CPU.Build.0 = Debug|Any CPU
		{67723447-C9D4-4917-AA5A-3B075F5B9EAB}.Release|Any CPU.ActiveCfg = Release|Any CPU
		{67723447-C9D4-4917-AA5A-3B075F5B9EAB}.Release|Any CPU.Build.0 = Release|Any CPU
		{E56AE632-D1FD-4091-A06D-F4315282D53E}.Debug|Any CPU.ActiveCfg = Debug|Any CPU
		{E56AE632-D1FD-4091-A06D-F4315282D53E}.Debug|Any CPU.Build.0 = Debug|Any CPU
		{E56AE632-D1FD-4091-A06D-F4315282D53E}.Release|Any CPU.ActiveCfg = Release|Any CPU
		{E56AE632-D1FD-4091-A06D-F4315282D53E}.Release|Any CPU.Build.0 = Release|Any CPU
		{488A3380-D7F7-46ED-8BD6-2D8A7BB29E9A}.Debug|Any CPU.ActiveCfg = Debug|Any CPU
		{488A3380-D7F7-46ED-8BD6-2D8A7BB29E9A}.Debug|Any CPU.Build.0 = Debug|Any CPU
		{488A3380-D7F7-46ED-8BD6-2D8A7BB29E9A}.Release|Any CPU.ActiveCfg = Release|Any CPU
		{488A3380-D7F7-46ED-8BD6-2D8A7BB29E9A}.Release|Any CPU.Build.0 = Release|Any CPU
		{169B792E-8529-43E6-A1D2-7CCA3DE0B557}.Debug|Any CPU.ActiveCfg = Debug|Any CPU
		{169B792E-8529-43E6-A1D2-7CCA3DE0B557}.Debug|Any CPU.Build.0 = Debug|Any CPU
		{169B792E-8529-43E6-A1D2-7CCA3DE0B557}.Release|Any CPU.ActiveCfg = Release|Any CPU
		{169B792E-8529-43E6-A1D2-7CCA3DE0B557}.Release|Any CPU.Build.0 = Release|Any CPU
		{EAE78277-C018-40CB-939F-4C077B7C50F5}.Debug|Any CPU.ActiveCfg = Debug|Any CPU
		{EAE78277-C018-40CB-939F-4C077B7C50F5}.Debug|Any CPU.Build.0 = Debug|Any CPU
		{EAE78277-C018-40CB-939F-4C077B7C50F5}.Release|Any CPU.ActiveCfg = Release|Any CPU
		{EAE78277-C018-40CB-939F-4C077B7C50F5}.Release|Any CPU.Build.0 = Release|Any CPU
		{CA159AE1-8795-43F7-A7DC-3A2682C8E6CE}.Debug|Any CPU.ActiveCfg = Debug|Any CPU
		{CA159AE1-8795-43F7-A7DC-3A2682C8E6CE}.Debug|Any CPU.Build.0 = Debug|Any CPU
		{CA159AE1-8795-43F7-A7DC-3A2682C8E6CE}.Release|Any CPU.ActiveCfg = Release|Any CPU
		{CA159AE1-8795-43F7-A7DC-3A2682C8E6CE}.Release|Any CPU.Build.0 = Release|Any CPU
		{FC16B508-41FF-47CE-A16A-A8AB3B26309A}.Debug|Any CPU.ActiveCfg = Debug|Any CPU
		{FC16B508-41FF-47CE-A16A-A8AB3B26309A}.Debug|Any CPU.Build.0 = Debug|Any CPU
		{FC16B508-41FF-47CE-A16A-A8AB3B26309A}.Release|Any CPU.ActiveCfg = Release|Any CPU
		{FC16B508-41FF-47CE-A16A-A8AB3B26309A}.Release|Any CPU.Build.0 = Release|Any CPU
		{783BF3CB-4095-4C5F-8C0C-D5E17979CC56}.Debug|Any CPU.ActiveCfg = Debug|Any CPU
		{783BF3CB-4095-4C5F-8C0C-D5E17979CC56}.Debug|Any CPU.Build.0 = Debug|Any CPU
		{783BF3CB-4095-4C5F-8C0C-D5E17979CC56}.Release|Any CPU.ActiveCfg = Release|Any CPU
		{783BF3CB-4095-4C5F-8C0C-D5E17979CC56}.Release|Any CPU.Build.0 = Release|Any CPU
		{8107A239-69D2-40AC-918B-59A77159EC52}.Debug|Any CPU.ActiveCfg = Debug|Any CPU
		{8107A239-69D2-40AC-918B-59A77159EC52}.Debug|Any CPU.Build.0 = Debug|Any CPU
		{8107A239-69D2-40AC-918B-59A77159EC52}.Release|Any CPU.ActiveCfg = Release|Any CPU
		{8107A239-69D2-40AC-918B-59A77159EC52}.Release|Any CPU.Build.0 = Release|Any CPU
		{74CF7649-3848-4265-BC96-A5DCA8D176AE}.Debug|Any CPU.ActiveCfg = Debug|Any CPU
		{74CF7649-3848-4265-BC96-A5DCA8D176AE}.Debug|Any CPU.Build.0 = Debug|Any CPU
		{74CF7649-3848-4265-BC96-A5DCA8D176AE}.Release|Any CPU.ActiveCfg = Release|Any CPU
		{74CF7649-3848-4265-BC96-A5DCA8D176AE}.Release|Any CPU.Build.0 = Release|Any CPU
		{4E4F5C70-5FE2-4744-833C-A0BE0B8B66F2}.Debug|Any CPU.ActiveCfg = Debug|Any CPU
		{4E4F5C70-5FE2-4744-833C-A0BE0B8B66F2}.Debug|Any CPU.Build.0 = Debug|Any CPU
		{4E4F5C70-5FE2-4744-833C-A0BE0B8B66F2}.Release|Any CPU.ActiveCfg = Release|Any CPU
		{4E4F5C70-5FE2-4744-833C-A0BE0B8B66F2}.Release|Any CPU.Build.0 = Release|Any CPU
		{D5E1AC46-891E-4D02-B1F3-A169C4901875}.Debug|Any CPU.ActiveCfg = Debug|Any CPU
		{D5E1AC46-891E-4D02-B1F3-A169C4901875}.Debug|Any CPU.Build.0 = Debug|Any CPU
		{D5E1AC46-891E-4D02-B1F3-A169C4901875}.Release|Any CPU.ActiveCfg = Release|Any CPU
		{D5E1AC46-891E-4D02-B1F3-A169C4901875}.Release|Any CPU.Build.0 = Release|Any CPU
		{6C010B59-155B-4E48-9FDF-DCCD549706A4}.Debug|Any CPU.ActiveCfg = Debug|Any CPU
		{6C010B59-155B-4E48-9FDF-DCCD549706A4}.Debug|Any CPU.Build.0 = Debug|Any CPU
		{6C010B59-155B-4E48-9FDF-DCCD549706A4}.Release|Any CPU.ActiveCfg = Release|Any CPU
		{6C010B59-155B-4E48-9FDF-DCCD549706A4}.Release|Any CPU.Build.0 = Release|Any CPU
		{D386331F-1CCC-4320-9ADE-736FA82E4E97}.Debug|Any CPU.ActiveCfg = Debug|Any CPU
		{D386331F-1CCC-4320-9ADE-736FA82E4E97}.Debug|Any CPU.Build.0 = Debug|Any CPU
		{D386331F-1CCC-4320-9ADE-736FA82E4E97}.Release|Any CPU.ActiveCfg = Release|Any CPU
		{D386331F-1CCC-4320-9ADE-736FA82E4E97}.Release|Any CPU.Build.0 = Release|Any CPU
		{948C5B9D-B809-4A58-82E4-5B7498C8BB2B}.Debug|Any CPU.ActiveCfg = Debug|Any CPU
		{948C5B9D-B809-4A58-82E4-5B7498C8BB2B}.Debug|Any CPU.Build.0 = Debug|Any CPU
		{948C5B9D-B809-4A58-82E4-5B7498C8BB2B}.Release|Any CPU.ActiveCfg = Release|Any CPU
		{948C5B9D-B809-4A58-82E4-5B7498C8BB2B}.Release|Any CPU.Build.0 = Release|Any CPU
		{FCE82B26-6234-443F-83B0-6F83D0A6816C}.Debug|Any CPU.ActiveCfg = Debug|Any CPU
		{FCE82B26-6234-443F-83B0-6F83D0A6816C}.Debug|Any CPU.Build.0 = Debug|Any CPU
		{FCE82B26-6234-443F-83B0-6F83D0A6816C}.Release|Any CPU.ActiveCfg = Release|Any CPU
		{FCE82B26-6234-443F-83B0-6F83D0A6816C}.Release|Any CPU.Build.0 = Release|Any CPU
		{09CC5D41-8C1E-4F9F-834D-47A5FFCA59AD}.Debug|Any CPU.ActiveCfg = Debug|Any CPU
		{09CC5D41-8C1E-4F9F-834D-47A5FFCA59AD}.Debug|Any CPU.Build.0 = Debug|Any CPU
		{09CC5D41-8C1E-4F9F-834D-47A5FFCA59AD}.Release|Any CPU.ActiveCfg = Release|Any CPU
		{09CC5D41-8C1E-4F9F-834D-47A5FFCA59AD}.Release|Any CPU.Build.0 = Release|Any CPU
		{27EEBABA-2EDA-4E88-BBC0-EB7CDCDF5219}.Debug|Any CPU.ActiveCfg = Debug|Any CPU
		{27EEBABA-2EDA-4E88-BBC0-EB7CDCDF5219}.Debug|Any CPU.Build.0 = Debug|Any CPU
		{27EEBABA-2EDA-4E88-BBC0-EB7CDCDF5219}.Release|Any CPU.ActiveCfg = Release|Any CPU
		{27EEBABA-2EDA-4E88-BBC0-EB7CDCDF5219}.Release|Any CPU.Build.0 = Release|Any CPU
		{590F9098-871E-4268-8478-362554EF16B5}.Debug|Any CPU.ActiveCfg = Debug|Any CPU
		{590F9098-871E-4268-8478-362554EF16B5}.Debug|Any CPU.Build.0 = Debug|Any CPU
		{590F9098-871E-4268-8478-362554EF16B5}.Release|Any CPU.ActiveCfg = Release|Any CPU
		{590F9098-871E-4268-8478-362554EF16B5}.Release|Any CPU.Build.0 = Release|Any CPU
		{CA406584-0360-42B2-9F84-B2BF14293A9D}.Debug|Any CPU.ActiveCfg = Debug|Any CPU
		{CA406584-0360-42B2-9F84-B2BF14293A9D}.Debug|Any CPU.Build.0 = Debug|Any CPU
		{CA406584-0360-42B2-9F84-B2BF14293A9D}.Release|Any CPU.ActiveCfg = Release|Any CPU
		{CA406584-0360-42B2-9F84-B2BF14293A9D}.Release|Any CPU.Build.0 = Release|Any CPU
		{BF1B67B7-C9DC-42AC-8705-A5EC00586001}.Debug|Any CPU.ActiveCfg = Debug|Any CPU
		{BF1B67B7-C9DC-42AC-8705-A5EC00586001}.Debug|Any CPU.Build.0 = Debug|Any CPU
		{BF1B67B7-C9DC-42AC-8705-A5EC00586001}.Release|Any CPU.ActiveCfg = Release|Any CPU
		{BF1B67B7-C9DC-42AC-8705-A5EC00586001}.Release|Any CPU.Build.0 = Release|Any CPU
		{CDA114BC-FC80-4F8D-89FC-255D889E1E23}.Debug|Any CPU.ActiveCfg = Debug|Any CPU
		{CDA114BC-FC80-4F8D-89FC-255D889E1E23}.Debug|Any CPU.Build.0 = Debug|Any CPU
		{CDA114BC-FC80-4F8D-89FC-255D889E1E23}.Release|Any CPU.ActiveCfg = Release|Any CPU
		{CDA114BC-FC80-4F8D-89FC-255D889E1E23}.Release|Any CPU.Build.0 = Release|Any CPU
		{9F1CB727-0915-4A34-9B36-8CF7401B784A}.Debug|Any CPU.ActiveCfg = Debug|Any CPU
		{9F1CB727-0915-4A34-9B36-8CF7401B784A}.Debug|Any CPU.Build.0 = Debug|Any CPU
		{9F1CB727-0915-4A34-9B36-8CF7401B784A}.Release|Any CPU.ActiveCfg = Release|Any CPU
		{9F1CB727-0915-4A34-9B36-8CF7401B784A}.Release|Any CPU.Build.0 = Release|Any CPU
		{6184B49E-D58E-4322-A26B-F55E54A17F18}.Debug|Any CPU.ActiveCfg = Debug|Any CPU
		{6184B49E-D58E-4322-A26B-F55E54A17F18}.Debug|Any CPU.Build.0 = Debug|Any CPU
		{6184B49E-D58E-4322-A26B-F55E54A17F18}.Release|Any CPU.ActiveCfg = Release|Any CPU
		{6184B49E-D58E-4322-A26B-F55E54A17F18}.Release|Any CPU.Build.0 = Release|Any CPU
		{2DA86542-60A1-4E92-AC74-E0DA490DD0DD}.Debug|Any CPU.ActiveCfg = Debug|Any CPU
		{2DA86542-60A1-4E92-AC74-E0DA490DD0DD}.Debug|Any CPU.Build.0 = Debug|Any CPU
		{2DA86542-60A1-4E92-AC74-E0DA490DD0DD}.Release|Any CPU.ActiveCfg = Release|Any CPU
		{2DA86542-60A1-4E92-AC74-E0DA490DD0DD}.Release|Any CPU.Build.0 = Release|Any CPU
		{3299A81D-1451-4269-87B8-9F24B4110BB4}.Debug|Any CPU.ActiveCfg = Debug|Any CPU
		{3299A81D-1451-4269-87B8-9F24B4110BB4}.Debug|Any CPU.Build.0 = Debug|Any CPU
		{3299A81D-1451-4269-87B8-9F24B4110BB4}.Release|Any CPU.ActiveCfg = Release|Any CPU
		{3299A81D-1451-4269-87B8-9F24B4110BB4}.Release|Any CPU.Build.0 = Release|Any CPU
		{59B33E87-A86F-4AA6-B5AD-CA68451DCEEA}.Debug|Any CPU.ActiveCfg = Debug|Any CPU
		{59B33E87-A86F-4AA6-B5AD-CA68451DCEEA}.Debug|Any CPU.Build.0 = Debug|Any CPU
		{59B33E87-A86F-4AA6-B5AD-CA68451DCEEA}.Release|Any CPU.ActiveCfg = Release|Any CPU
		{59B33E87-A86F-4AA6-B5AD-CA68451DCEEA}.Release|Any CPU.Build.0 = Release|Any CPU
		{2B824BAC-8A10-4444-BA5C-D1D208FDCE53}.Debug|Any CPU.ActiveCfg = Debug|Any CPU
		{2B824BAC-8A10-4444-BA5C-D1D208FDCE53}.Debug|Any CPU.Build.0 = Debug|Any CPU
		{2B824BAC-8A10-4444-BA5C-D1D208FDCE53}.Release|Any CPU.ActiveCfg = Release|Any CPU
		{2B824BAC-8A10-4444-BA5C-D1D208FDCE53}.Release|Any CPU.Build.0 = Release|Any CPU
		{F23F9BFF-DF01-43A3-85E8-DF87CDA02A58}.Debug|Any CPU.ActiveCfg = Debug|Any CPU
		{F23F9BFF-DF01-43A3-85E8-DF87CDA02A58}.Debug|Any CPU.Build.0 = Debug|Any CPU
		{F23F9BFF-DF01-43A3-85E8-DF87CDA02A58}.Release|Any CPU.ActiveCfg = Release|Any CPU
		{F23F9BFF-DF01-43A3-85E8-DF87CDA02A58}.Release|Any CPU.Build.0 = Release|Any CPU
		{4E69353A-56B5-4EAE-8BE4-8975EFDB7C4D}.Debug|Any CPU.ActiveCfg = Debug|Any CPU
		{4E69353A-56B5-4EAE-8BE4-8975EFDB7C4D}.Debug|Any CPU.Build.0 = Debug|Any CPU
		{4E69353A-56B5-4EAE-8BE4-8975EFDB7C4D}.Release|Any CPU.ActiveCfg = Release|Any CPU
		{4E69353A-56B5-4EAE-8BE4-8975EFDB7C4D}.Release|Any CPU.Build.0 = Release|Any CPU
		{AE602A3A-6E12-4881-8EF6-A078C11BDF0E}.Debug|Any CPU.ActiveCfg = Debug|Any CPU
		{AE602A3A-6E12-4881-8EF6-A078C11BDF0E}.Debug|Any CPU.Build.0 = Debug|Any CPU
		{AE602A3A-6E12-4881-8EF6-A078C11BDF0E}.Release|Any CPU.ActiveCfg = Release|Any CPU
		{AE602A3A-6E12-4881-8EF6-A078C11BDF0E}.Release|Any CPU.Build.0 = Release|Any CPU
		{3F75D12B-9EF6-47D8-955E-B8E5E3336AB7}.Debug|Any CPU.ActiveCfg = Debug|Any CPU
		{3F75D12B-9EF6-47D8-955E-B8E5E3336AB7}.Debug|Any CPU.Build.0 = Debug|Any CPU
		{3F75D12B-9EF6-47D8-955E-B8E5E3336AB7}.Release|Any CPU.ActiveCfg = Release|Any CPU
		{3F75D12B-9EF6-47D8-955E-B8E5E3336AB7}.Release|Any CPU.Build.0 = Release|Any CPU
		{0312249D-F47A-4527-AF18-C2160EA424E1}.Debug|Any CPU.ActiveCfg = Debug|Any CPU
		{0312249D-F47A-4527-AF18-C2160EA424E1}.Debug|Any CPU.Build.0 = Debug|Any CPU
		{0312249D-F47A-4527-AF18-C2160EA424E1}.Release|Any CPU.ActiveCfg = Release|Any CPU
		{0312249D-F47A-4527-AF18-C2160EA424E1}.Release|Any CPU.Build.0 = Release|Any CPU
		{24F775CB-3952-4E93-81C5-CC95F50D6F1C}.Debug|Any CPU.ActiveCfg = Debug|Any CPU
		{24F775CB-3952-4E93-81C5-CC95F50D6F1C}.Debug|Any CPU.Build.0 = Debug|Any CPU
		{24F775CB-3952-4E93-81C5-CC95F50D6F1C}.Release|Any CPU.ActiveCfg = Release|Any CPU
		{24F775CB-3952-4E93-81C5-CC95F50D6F1C}.Release|Any CPU.Build.0 = Release|Any CPU
		{3DCB2CAE-36F8-4E89-AF67-AD9890C554F3}.Debug|Any CPU.ActiveCfg = Debug|Any CPU
		{3DCB2CAE-36F8-4E89-AF67-AD9890C554F3}.Debug|Any CPU.Build.0 = Debug|Any CPU
		{3DCB2CAE-36F8-4E89-AF67-AD9890C554F3}.Release|Any CPU.ActiveCfg = Release|Any CPU
		{3DCB2CAE-36F8-4E89-AF67-AD9890C554F3}.Release|Any CPU.Build.0 = Release|Any CPU
		{C969E554-F2AF-4EF0-96B6-3224A330E404}.Debug|Any CPU.ActiveCfg = Debug|Any CPU
		{C969E554-F2AF-4EF0-96B6-3224A330E404}.Debug|Any CPU.Build.0 = Debug|Any CPU
		{C969E554-F2AF-4EF0-96B6-3224A330E404}.Release|Any CPU.ActiveCfg = Release|Any CPU
		{C969E554-F2AF-4EF0-96B6-3224A330E404}.Release|Any CPU.Build.0 = Release|Any CPU
		{62523F84-688F-465D-9BB9-E87D29595CEC}.Debug|Any CPU.ActiveCfg = Debug|Any CPU
		{62523F84-688F-465D-9BB9-E87D29595CEC}.Debug|Any CPU.Build.0 = Debug|Any CPU
		{62523F84-688F-465D-9BB9-E87D29595CEC}.Release|Any CPU.ActiveCfg = Release|Any CPU
		{62523F84-688F-465D-9BB9-E87D29595CEC}.Release|Any CPU.Build.0 = Release|Any CPU
		{F59839BD-9C71-4704-B55A-18A5B27424E4}.Debug|Any CPU.ActiveCfg = Debug|Any CPU
		{F59839BD-9C71-4704-B55A-18A5B27424E4}.Debug|Any CPU.Build.0 = Debug|Any CPU
		{F59839BD-9C71-4704-B55A-18A5B27424E4}.Release|Any CPU.ActiveCfg = Release|Any CPU
		{F59839BD-9C71-4704-B55A-18A5B27424E4}.Release|Any CPU.Build.0 = Release|Any CPU
		{3D219B3E-673A-4D48-8118-0C0618B0FF3C}.Debug|Any CPU.ActiveCfg = Debug|Any CPU
		{3D219B3E-673A-4D48-8118-0C0618B0FF3C}.Debug|Any CPU.Build.0 = Debug|Any CPU
		{3D219B3E-673A-4D48-8118-0C0618B0FF3C}.Release|Any CPU.ActiveCfg = Release|Any CPU
		{3D219B3E-673A-4D48-8118-0C0618B0FF3C}.Release|Any CPU.Build.0 = Release|Any CPU
		{4A601CE7-C475-4A2B-AE48-B596696F31F0}.Debug|Any CPU.ActiveCfg = Debug|Any CPU
		{4A601CE7-C475-4A2B-AE48-B596696F31F0}.Debug|Any CPU.Build.0 = Debug|Any CPU
		{4A601CE7-C475-4A2B-AE48-B596696F31F0}.Release|Any CPU.ActiveCfg = Release|Any CPU
		{4A601CE7-C475-4A2B-AE48-B596696F31F0}.Release|Any CPU.Build.0 = Release|Any CPU
		{845DD061-436F-46BD-A405-27CAE749A490}.Debug|Any CPU.ActiveCfg = Debug|Any CPU
		{845DD061-436F-46BD-A405-27CAE749A490}.Debug|Any CPU.Build.0 = Debug|Any CPU
		{845DD061-436F-46BD-A405-27CAE749A490}.Release|Any CPU.ActiveCfg = Release|Any CPU
		{845DD061-436F-46BD-A405-27CAE749A490}.Release|Any CPU.Build.0 = Release|Any CPU
		{986331E6-E78C-4A9F-A134-E3B40F8B1333}.Debug|Any CPU.ActiveCfg = Debug|Any CPU
		{986331E6-E78C-4A9F-A134-E3B40F8B1333}.Debug|Any CPU.Build.0 = Debug|Any CPU
		{986331E6-E78C-4A9F-A134-E3B40F8B1333}.Release|Any CPU.ActiveCfg = Release|Any CPU
		{986331E6-E78C-4A9F-A134-E3B40F8B1333}.Release|Any CPU.Build.0 = Release|Any CPU
		{4CD7C6CA-7562-485B-B8BC-9400A2927B84}.Debug|Any CPU.ActiveCfg = Debug|Any CPU
		{4CD7C6CA-7562-485B-B8BC-9400A2927B84}.Debug|Any CPU.Build.0 = Debug|Any CPU
		{4CD7C6CA-7562-485B-B8BC-9400A2927B84}.Release|Any CPU.ActiveCfg = Release|Any CPU
		{4CD7C6CA-7562-485B-B8BC-9400A2927B84}.Release|Any CPU.Build.0 = Release|Any CPU
		{7C353E34-C9FE-46BC-87E1-5C8D2CD1B394}.Debug|Any CPU.ActiveCfg = Debug|Any CPU
		{7C353E34-C9FE-46BC-87E1-5C8D2CD1B394}.Debug|Any CPU.Build.0 = Debug|Any CPU
		{7C353E34-C9FE-46BC-87E1-5C8D2CD1B394}.Release|Any CPU.ActiveCfg = Release|Any CPU
		{7C353E34-C9FE-46BC-87E1-5C8D2CD1B394}.Release|Any CPU.Build.0 = Release|Any CPU
		{D444CD4F-B682-42BB-A3D8-8825C96E9651}.Debug|Any CPU.ActiveCfg = Debug|Any CPU
		{D444CD4F-B682-42BB-A3D8-8825C96E9651}.Debug|Any CPU.Build.0 = Debug|Any CPU
		{D444CD4F-B682-42BB-A3D8-8825C96E9651}.Release|Any CPU.ActiveCfg = Release|Any CPU
		{D444CD4F-B682-42BB-A3D8-8825C96E9651}.Release|Any CPU.Build.0 = Release|Any CPU
		{BFC32FB7-6D9F-4989-86C0-08D313D77889}.Debug|Any CPU.ActiveCfg = Debug|Any CPU
		{BFC32FB7-6D9F-4989-86C0-08D313D77889}.Debug|Any CPU.Build.0 = Debug|Any CPU
		{BFC32FB7-6D9F-4989-86C0-08D313D77889}.Release|Any CPU.ActiveCfg = Release|Any CPU
		{BFC32FB7-6D9F-4989-86C0-08D313D77889}.Release|Any CPU.Build.0 = Release|Any CPU
		{7AE7C932-B6F1-4398-A908-524F156A76E8}.Debug|Any CPU.ActiveCfg = Debug|Any CPU
		{7AE7C932-B6F1-4398-A908-524F156A76E8}.Debug|Any CPU.Build.0 = Debug|Any CPU
		{7AE7C932-B6F1-4398-A908-524F156A76E8}.Release|Any CPU.ActiveCfg = Release|Any CPU
		{7AE7C932-B6F1-4398-A908-524F156A76E8}.Release|Any CPU.Build.0 = Release|Any CPU
		{B79607FC-7F4D-416A-A57E-7DEDDE3853EF}.Debug|Any CPU.ActiveCfg = Debug|Any CPU
		{B79607FC-7F4D-416A-A57E-7DEDDE3853EF}.Debug|Any CPU.Build.0 = Debug|Any CPU
		{B79607FC-7F4D-416A-A57E-7DEDDE3853EF}.Release|Any CPU.ActiveCfg = Release|Any CPU
		{B79607FC-7F4D-416A-A57E-7DEDDE3853EF}.Release|Any CPU.Build.0 = Release|Any CPU
		{B0E17163-5564-4ABE-8C01-405333EA8936}.Debug|Any CPU.ActiveCfg = Debug|Any CPU
		{B0E17163-5564-4ABE-8C01-405333EA8936}.Debug|Any CPU.Build.0 = Debug|Any CPU
		{B0E17163-5564-4ABE-8C01-405333EA8936}.Release|Any CPU.ActiveCfg = Release|Any CPU
		{B0E17163-5564-4ABE-8C01-405333EA8936}.Release|Any CPU.Build.0 = Release|Any CPU
		{5B126F6F-2AD2-4EAC-A382-59C191553A7F}.Debug|Any CPU.ActiveCfg = Debug|Any CPU
		{5B126F6F-2AD2-4EAC-A382-59C191553A7F}.Debug|Any CPU.Build.0 = Debug|Any CPU
		{5B126F6F-2AD2-4EAC-A382-59C191553A7F}.Release|Any CPU.ActiveCfg = Release|Any CPU
		{5B126F6F-2AD2-4EAC-A382-59C191553A7F}.Release|Any CPU.Build.0 = Release|Any CPU
		{1C616763-E0DF-45E2-991C-F4464072DFA9}.Debug|Any CPU.ActiveCfg = Debug|Any CPU
		{1C616763-E0DF-45E2-991C-F4464072DFA9}.Debug|Any CPU.Build.0 = Debug|Any CPU
		{1C616763-E0DF-45E2-991C-F4464072DFA9}.Release|Any CPU.ActiveCfg = Release|Any CPU
		{1C616763-E0DF-45E2-991C-F4464072DFA9}.Release|Any CPU.Build.0 = Release|Any CPU
		{FA983AB3-6624-4599-82C1-D7F73F92E175}.Debug|Any CPU.ActiveCfg = Debug|Any CPU
		{FA983AB3-6624-4599-82C1-D7F73F92E175}.Debug|Any CPU.Build.0 = Debug|Any CPU
		{FA983AB3-6624-4599-82C1-D7F73F92E175}.Release|Any CPU.ActiveCfg = Release|Any CPU
		{FA983AB3-6624-4599-82C1-D7F73F92E175}.Release|Any CPU.Build.0 = Release|Any CPU
	EndGlobalSection
	GlobalSection(SolutionProperties) = preSolution
		HideSolutionNode = FALSE
	EndGlobalSection
	GlobalSection(NestedProjects) = preSolution
		{5CA40CE7-778D-42FC-92F8-E8CA5298C46B} = {B4DE2ED2-337D-4315-879A-6D165E5BE2DC}
		{D2B9B1A2-1AEB-45AB-9CAD-1696DB13CD00} = {B4DE2ED2-337D-4315-879A-6D165E5BE2DC}
		{B1942E99-EF2E-4BBE-BA50-2ABB4C534EE9} = {B4DE2ED2-337D-4315-879A-6D165E5BE2DC}
		{59DCCBAC-5B17-49C3-B4B3-8F6F2F676316} = {B4DE2ED2-337D-4315-879A-6D165E5BE2DC}
		{F0B3F347-253A-4A23-BDE6-478A12685808} = {B4DE2ED2-337D-4315-879A-6D165E5BE2DC}
		{4E4F5C70-5FE2-4744-833C-A0BE0B8B66F2} = {B4DE2ED2-337D-4315-879A-6D165E5BE2DC}
		{0312249D-F47A-4527-AF18-C2160EA424E1} = {B4DE2ED2-337D-4315-879A-6D165E5BE2DC}
		{24F775CB-3952-4E93-81C5-CC95F50D6F1C} = {B4DE2ED2-337D-4315-879A-6D165E5BE2DC}
	EndGlobalSection
	GlobalSection(ExtensibilityGlobals) = postSolution
		SolutionGuid = {6DB2718A-6FAF-4785-856D-2A081D493A02}
	EndGlobalSection
EndGlobal
